// !$*UTF8*$!
{
	archiveVersion = 1;
	classes = {
	};
	objectVersion = 77;
	objects = {

/* Begin PBXContainerItemProxy section */
		EB3E92A92DEE1EB400FAB4F0 /* PBXContainerItemProxy */ = {
			isa = PBXContainerItemProxy;
			containerPortal = EB3E92932DEE1EB200FAB4F0 /* Project object */;
			proxyType = 1;
			remoteGlobalIDString = EB3E929A2DEE1EB200FAB4F0;
			remoteInfo = wordleGame;
		};
		EB3E92B32DEE1EB400FAB4F0 /* PBXContainerItemProxy */ = {
			isa = PBXContainerItemProxy;
			containerPortal = EB3E92932DEE1EB200FAB4F0 /* Project object */;
			proxyType = 1;
			remoteGlobalIDString = EB3E929A2DEE1EB200FAB4F0;
			remoteInfo = wordleGame;
		};
/* End PBXContainerItemProxy section */

/* Begin PBXFileReference section */
		EB3E929B2DEE1EB200FAB4F0 /* wordleGame.app */ = {isa = PBXFileReference; explicitFileType = wrapper.application; includeInIndex = 0; path = wordleGame.app; sourceTree = BUILT_PRODUCTS_DIR; };
		EB3E92A82DEE1EB400FAB4F0 /* wordleGameTests.xctest */ = {isa = PBXFileReference; explicitFileType = wrapper.cfbundle; includeInIndex = 0; path = wordleGameTests.xctest; sourceTree = BUILT_PRODUCTS_DIR; };
		EB3E92B22DEE1EB400FAB4F0 /* wordleGameUITests.xctest */ = {isa = PBXFileReference; explicitFileType = wrapper.cfbundle; includeInIndex = 0; path = wordleGameUITests.xctest; sourceTree = BUILT_PRODUCTS_DIR; };
/* End PBXFileReference section */

/* Begin PBXFileSystemSynchronizedRootGroup section */
		EB3E929D2DEE1EB200FAB4F0 /* wordleGame */ = {
			isa = PBXFileSystemSynchronizedRootGroup;
			path = wordleGame;
			sourceTree = "<group>";
		};
		EB3E92AB2DEE1EB400FAB4F0 /* wordleGameTests */ = {
			isa = PBXFileSystemSynchronizedRootGroup;
			path = wordleGameTests;
			sourceTree = "<group>";
		};
		EB3E92B52DEE1EB400FAB4F0 /* wordleGameUITests */ = {
			isa = PBXFileSystemSynchronizedRootGroup;
			path = wordleGameUITests;
			sourceTree = "<group>";
		};
/* End PBXFileSystemSynchronizedRootGroup section */

/* Begin PBXFrameworksBuildPhase section */
		EB3E92982DEE1EB200FAB4F0 /* Frameworks */ = {
			isa = PBXFrameworksBuildPhase;
			buildActionMask = 2147483647;
			files = (
			);
			runOnlyForDeploymentPostprocessing = 0;
		};
		EB3E92A52DEE1EB400FAB4F0 /* Frameworks */ = {
			isa = PBXFrameworksBuildPhase;
			buildActionMask = 2147483647;
			files = (
			);
			runOnlyForDeploymentPostprocessing = 0;
		};
		EB3E92AF2DEE1EB400FAB4F0 /* Frameworks */ = {
			isa = PBXFrameworksBuildPhase;
			buildActionMask = 2147483647;
			files = (
			);
			runOnlyForDeploymentPostprocessing = 0;
		};
/* End PBXFrameworksBuildPhase section */

/* Begin PBXGroup section */
		EB3E92922DEE1EB200FAB4F0 = {
			isa = PBXGroup;
			children = (
				EB3E929D2DEE1EB200FAB4F0 /* wordleGame */,
				EB3E92AB2DEE1EB400FAB4F0 /* wordleGameTests */,
				EB3E92B52DEE1EB400FAB4F0 /* wordleGameUITests */,
				EB3E929C2DEE1EB200FAB4F0 /* Products */,
			);
			sourceTree = "<group>";
		};
		EB3E929C2DEE1EB200FAB4F0 /* Products */ = {
			isa = PBXGroup;
			children = (
				EB3E929B2DEE1EB200FAB4F0 /* wordleGame.app */,
				EB3E92A82DEE1EB400FAB4F0 /* wordleGameTests.xctest */,
				EB3E92B22DEE1EB400FAB4F0 /* wordleGameUITests.xctest */,
			);
			name = Products;
			sourceTree = "<group>";
		};
/* End PBXGroup section */

/* Begin PBXNativeTarget section */
		EB3E929A2DEE1EB200FAB4F0 /* wordleGame */ = {
			isa = PBXNativeTarget;
			buildConfigurationList = EB3E92BC2DEE1EB400FAB4F0 /* Build configuration list for PBXNativeTarget "wordleGame" */;
			buildPhases = (
				EB3E92972DEE1EB200FAB4F0 /* Sources */,
				EB3E92982DEE1EB200FAB4F0 /* Frameworks */,
				EB3E92992DEE1EB200FAB4F0 /* Resources */,
			);
			buildRules = (
			);
			dependencies = (
			);
			fileSystemSynchronizedGroups = (
				EB3E929D2DEE1EB200FAB4F0 /* wordleGame */,
			);
			name = wordleGame;
			packageProductDependencies = (
			);
			productName = wordleGame;
			productReference = EB3E929B2DEE1EB200FAB4F0 /* wordleGame.app */;
			productType = "com.apple.product-type.application";
		};
		EB3E92A72DEE1EB400FAB4F0 /* wordleGameTests */ = {
			isa = PBXNativeTarget;
			buildConfigurationList = EB3E92BF2DEE1EB400FAB4F0 /* Build configuration list for PBXNativeTarget "wordleGameTests" */;
			buildPhases = (
				EB3E92A42DEE1EB400FAB4F0 /* Sources */,
				EB3E92A52DEE1EB400FAB4F0 /* Frameworks */,
				EB3E92A62DEE1EB400FAB4F0 /* Resources */,
			);
			buildRules = (
			);
			dependencies = (
				EB3E92AA2DEE1EB400FAB4F0 /* PBXTargetDependency */,
			);
			fileSystemSynchronizedGroups = (
				EB3E92AB2DEE1EB400FAB4F0 /* wordleGameTests */,
			);
			name = wordleGameTests;
			packageProductDependencies = (
			);
			productName = wordleGameTests;
			productReference = EB3E92A82DEE1EB400FAB4F0 /* wordleGameTests.xctest */;
			productType = "com.apple.product-type.bundle.unit-test";
		};
		EB3E92B12DEE1EB400FAB4F0 /* wordleGameUITests */ = {
			isa = PBXNativeTarget;
			buildConfigurationList = EB3E92C22DEE1EB400FAB4F0 /* Build configuration list for PBXNativeTarget "wordleGameUITests" */;
			buildPhases = (
				EB3E92AE2DEE1EB400FAB4F0 /* Sources */,
				EB3E92AF2DEE1EB400FAB4F0 /* Frameworks */,
				EB3E92B02DEE1EB400FAB4F0 /* Resources */,
			);
			buildRules = (
			);
			dependencies = (
				EB3E92B42DEE1EB400FAB4F0 /* PBXTargetDependency */,
			);
			fileSystemSynchronizedGroups = (
				EB3E92B52DEE1EB400FAB4F0 /* wordleGameUITests */,
			);
			name = wordleGameUITests;
			packageProductDependencies = (
			);
			productName = wordleGameUITests;
			productReference = EB3E92B22DEE1EB400FAB4F0 /* wordleGameUITests.xctest */;
			productType = "com.apple.product-type.bundle.ui-testing";
		};
/* End PBXNativeTarget section */

/* Begin PBXProject section */
		EB3E92932DEE1EB200FAB4F0 /* Project object */ = {
			isa = PBXProject;
			attributes = {
				BuildIndependentTargetsInParallel = 1;
				LastSwiftUpdateCheck = 1640;
				LastUpgradeCheck = 1640;
				TargetAttributes = {
					EB3E929A2DEE1EB200FAB4F0 = {
						CreatedOnToolsVersion = 16.4;
					};
					EB3E92A72DEE1EB400FAB4F0 = {
						CreatedOnToolsVersion = 16.4;
						TestTargetID = EB3E929A2DEE1EB200FAB4F0;
					};
					EB3E92B12DEE1EB400FAB4F0 = {
						CreatedOnToolsVersion = 16.4;
						TestTargetID = EB3E929A2DEE1EB200FAB4F0;
					};
				};
			};
			buildConfigurationList = EB3E92962DEE1EB200FAB4F0 /* Build configuration list for PBXProject "wordleGame" */;
			developmentRegion = en;
			hasScannedForEncodings = 0;
			knownRegions = (
				en,
				Base,
			);
			mainGroup = EB3E92922DEE1EB200FAB4F0;
			minimizedProjectReferenceProxies = 1;
			preferredProjectObjectVersion = 77;
			productRefGroup = EB3E929C2DEE1EB200FAB4F0 /* Products */;
			projectDirPath = "";
			projectRoot = "";
			targets = (
				EB3E929A2DEE1EB200FAB4F0 /* wordleGame */,
				EB3E92A72DEE1EB400FAB4F0 /* wordleGameTests */,
				EB3E92B12DEE1EB400FAB4F0 /* wordleGameUITests */,
			);
		};
/* End PBXProject section */

/* Begin PBXResourcesBuildPhase section */
		EB3E92992DEE1EB200FAB4F0 /* Resources */ = {
			isa = PBXResourcesBuildPhase;
			buildActionMask = 2147483647;
			files = (
			);
			runOnlyForDeploymentPostprocessing = 0;
		};
		EB3E92A62DEE1EB400FAB4F0 /* Resources */ = {
			isa = PBXResourcesBuildPhase;
			buildActionMask = 2147483647;
			files = (
			);
			runOnlyForDeploymentPostprocessing = 0;
		};
		EB3E92B02DEE1EB400FAB4F0 /* Resources */ = {
			isa = PBXResourcesBuildPhase;
			buildActionMask = 2147483647;
			files = (
			);
			runOnlyForDeploymentPostprocessing = 0;
		};
/* End PBXResourcesBuildPhase section */

/* Begin PBXSourcesBuildPhase section */
		EB3E92972DEE1EB200FAB4F0 /* Sources */ = {
			isa = PBXSourcesBuildPhase;
			buildActionMask = 2147483647;
			files = (
			);
			runOnlyForDeploymentPostprocessing = 0;
		};
		EB3E92A42DEE1EB400FAB4F0 /* Sources */ = {
			isa = PBXSourcesBuildPhase;
			buildActionMask = 2147483647;
			files = (
			);
			runOnlyForDeploymentPostprocessing = 0;
		};
		EB3E92AE2DEE1EB400FAB4F0 /* Sources */ = {
			isa = PBXSourcesBuildPhase;
			buildActionMask = 2147483647;
			files = (
			);
			runOnlyForDeploymentPostprocessing = 0;
		};
/* End PBXSourcesBuildPhase section */

/* Begin PBXTargetDependency section */
		EB3E92AA2DEE1EB400FAB4F0 /* PBXTargetDependency */ = {
			isa = PBXTargetDependency;
			target = EB3E929A2DEE1EB200FAB4F0 /* wordleGame */;
			targetProxy = EB3E92A92DEE1EB400FAB4F0 /* PBXContainerItemProxy */;
		};
		EB3E92B42DEE1EB400FAB4F0 /* PBXTargetDependency */ = {
			isa = PBXTargetDependency;
			target = EB3E929A2DEE1EB200FAB4F0 /* wordleGame */;
			targetProxy = EB3E92B32DEE1EB400FAB4F0 /* PBXContainerItemProxy */;
		};
/* End PBXTargetDependency section */

/* Begin XCBuildConfiguration section */
		EB3E92BA2DEE1EB400FAB4F0 /* Debug */ = {
			isa = XCBuildConfiguration;
			buildSettings = {
				ALWAYS_SEARCH_USER_PATHS = NO;
				ASSETCATALOG_COMPILER_GENERATE_SWIFT_ASSET_SYMBOL_EXTENSIONS = YES;
				CLANG_ANALYZER_NONNULL = YES;
				CLANG_ANALYZER_NUMBER_OBJECT_CONVERSION = YES_AGGRESSIVE;
				CLANG_CXX_LANGUAGE_STANDARD = "gnu++20";
				CLANG_ENABLE_MODULES = YES;
				CLANG_ENABLE_OBJC_ARC = YES;
				CLANG_ENABLE_OBJC_WEAK = YES;
				CLANG_WARN_BLOCK_CAPTURE_AUTORELEASING = YES;
				CLANG_WARN_BOOL_CONVERSION = YES;
				CLANG_WARN_COMMA = YES;
				CLANG_WARN_CONSTANT_CONVERSION = YES;
				CLANG_WARN_DEPRECATED_OBJC_IMPLEMENTATIONS = YES;
				CLANG_WARN_DIRECT_OBJC_ISA_USAGE = YES_ERROR;
				CLANG_WARN_DOCUMENTATION_COMMENTS = YES;
				CLANG_WARN_EMPTY_BODY = YES;
				CLANG_WARN_ENUM_CONVERSION = YES;
				CLANG_WARN_INFINITE_RECURSION = YES;
				CLANG_WARN_INT_CONVERSION = YES;
				CLANG_WARN_NON_LITERAL_NULL_CONVERSION = YES;
				CLANG_WARN_OBJC_IMPLICIT_RETAIN_SELF = YES;
				CLANG_WARN_OBJC_LITERAL_CONVERSION = YES;
				CLANG_WARN_OBJC_ROOT_CLASS = YES_ERROR;
				CLANG_WARN_QUOTED_INCLUDE_IN_FRAMEWORK_HEADER = YES;
				CLANG_WARN_RANGE_LOOP_ANALYSIS = YES;
				CLANG_WARN_STRICT_PROTOTYPES = YES;
				CLANG_WARN_SUSPICIOUS_MOVE = YES;
				CLANG_WARN_UNGUARDED_AVAILABILITY = YES_AGGRESSIVE;
				CLANG_WARN_UNREACHABLE_CODE = YES;
				CLANG_WARN__DUPLICATE_METHOD_MATCH = YES;
				COPY_PHASE_STRIP = NO;
				DEBUG_INFORMATION_FORMAT = dwarf;
				DEVELOPMENT_TEAM = 86B6Y8XB9P;
				ENABLE_STRICT_OBJC_MSGSEND = YES;
				ENABLE_TESTABILITY = YES;
				ENABLE_USER_SCRIPT_SANDBOXING = YES;
				GCC_C_LANGUAGE_STANDARD = gnu17;
				GCC_DYNAMIC_NO_PIC = NO;
				GCC_NO_COMMON_BLOCKS = YES;
				GCC_OPTIMIZATION_LEVEL = 0;
				GCC_PREPROCESSOR_DEFINITIONS = (
					"DEBUG=1",
					"$(inherited)",
				);
				GCC_WARN_64_TO_32_BIT_CONVERSION = YES;
				GCC_WARN_ABOUT_RETURN_TYPE = YES_ERROR;
				GCC_WARN_UNDECLARED_SELECTOR = YES;
				GCC_WARN_UNINITIALIZED_AUTOS = YES_AGGRESSIVE;
				GCC_WARN_UNUSED_FUNCTION = YES;
				GCC_WARN_UNUSED_VARIABLE = YES;
				IPHONEOS_DEPLOYMENT_TARGET = 18.5;
				LOCALIZATION_PREFERS_STRING_CATALOGS = YES;
				MTL_ENABLE_DEBUG_INFO = INCLUDE_SOURCE;
				MTL_FAST_MATH = YES;
				ONLY_ACTIVE_ARCH = YES;
				SDKROOT = iphoneos;
				SWIFT_ACTIVE_COMPILATION_CONDITIONS = "DEBUG $(inherited)";
				SWIFT_OPTIMIZATION_LEVEL = "-Onone";
			};
			name = Debug;
		};
		EB3E92BB2DEE1EB400FAB4F0 /* Release */ = {
			isa = XCBuildConfiguration;
			buildSettings = {
				ALWAYS_SEARCH_USER_PATHS = NO;
				ASSETCATALOG_COMPILER_GENERATE_SWIFT_ASSET_SYMBOL_EXTENSIONS = YES;
				CLANG_ANALYZER_NONNULL = YES;
				CLANG_ANALYZER_NUMBER_OBJECT_CONVERSION = YES_AGGRESSIVE;
				CLANG_CXX_LANGUAGE_STANDARD = "gnu++20";
				CLANG_ENABLE_MODULES = YES;
				CLANG_ENABLE_OBJC_ARC = YES;
				CLANG_ENABLE_OBJC_WEAK = YES;
				CLANG_WARN_BLOCK_CAPTURE_AUTORELEASING = YES;
				CLANG_WARN_BOOL_CONVERSION = YES;
				CLANG_WARN_COMMA = YES;
				CLANG_WARN_CONSTANT_CONVERSION = YES;
				CLANG_WARN_DEPRECATED_OBJC_IMPLEMENTATIONS = YES;
				CLANG_WARN_DIRECT_OBJC_ISA_USAGE = YES_ERROR;
				CLANG_WARN_DOCUMENTATION_COMMENTS = YES;
				CLANG_WARN_EMPTY_BODY = YES;
				CLANG_WARN_ENUM_CONVERSION = YES;
				CLANG_WARN_INFINITE_RECURSION = YES;
				CLANG_WARN_INT_CONVERSION = YES;
				CLANG_WARN_NON_LITERAL_NULL_CONVERSION = YES;
				CLANG_WARN_OBJC_IMPLICIT_RETAIN_SELF = YES;
				CLANG_WARN_OBJC_LITERAL_CONVERSION = YES;
				CLANG_WARN_OBJC_ROOT_CLASS = YES_ERROR;
				CLANG_WARN_QUOTED_INCLUDE_IN_FRAMEWORK_HEADER = YES;
				CLANG_WARN_RANGE_LOOP_ANALYSIS = YES;
				CLANG_WARN_STRICT_PROTOTYPES = YES;
				CLANG_WARN_SUSPICIOUS_MOVE = YES;
				CLANG_WARN_UNGUARDED_AVAILABILITY = YES_AGGRESSIVE;
				CLANG_WARN_UNREACHABLE_CODE = YES;
				CLANG_WARN__DUPLICATE_METHOD_MATCH = YES;
				COPY_PHASE_STRIP = NO;
				DEBUG_INFORMATION_FORMAT = "dwarf-with-dsym";
				DEVELOPMENT_TEAM = 86B6Y8XB9P;
				ENABLE_NS_ASSERTIONS = NO;
				ENABLE_STRICT_OBJC_MSGSEND = YES;
				ENABLE_USER_SCRIPT_SANDBOXING = YES;
				GCC_C_LANGUAGE_STANDARD = gnu17;
				GCC_NO_COMMON_BLOCKS = YES;
				GCC_WARN_64_TO_32_BIT_CONVERSION = YES;
				GCC_WARN_ABOUT_RETURN_TYPE = YES_ERROR;
				GCC_WARN_UNDECLARED_SELECTOR = YES;
				GCC_WARN_UNINITIALIZED_AUTOS = YES_AGGRESSIVE;
				GCC_WARN_UNUSED_FUNCTION = YES;
				GCC_WARN_UNUSED_VARIABLE = YES;
				IPHONEOS_DEPLOYMENT_TARGET = 18.5;
				LOCALIZATION_PREFERS_STRING_CATALOGS = YES;
				MTL_ENABLE_DEBUG_INFO = NO;
				MTL_FAST_MATH = YES;
				SDKROOT = iphoneos;
				SWIFT_COMPILATION_MODE = wholemodule;
				VALIDATE_PRODUCT = YES;
			};
			name = Release;
		};
		EB3E92BD2DEE1EB400FAB4F0 /* Debug */ = {
			isa = XCBuildConfiguration;
			buildSettings = {
				ASSETCATALOG_COMPILER_APPICON_NAME = AppIcon;
				ASSETCATALOG_COMPILER_GLOBAL_ACCENT_COLOR_NAME = AccentColor;
				CODE_SIGN_STYLE = Automatic;
				CURRENT_PROJECT_VERSION = 1;
				DEVELOPMENT_TEAM = 86B6Y8XB9P;
				ENABLE_PREVIEWS = YES;
				GENERATE_INFOPLIST_FILE = YES;
				INFOPLIST_KEY_UIApplicationSceneManifest_Generation = YES;
				INFOPLIST_KEY_UIApplicationSupportsIndirectInputEvents = YES;
				INFOPLIST_KEY_UILaunchScreen_Generation = YES;
				INFOPLIST_KEY_UISupportedInterfaceOrientations_iPad = "UIInterfaceOrientationPortrait UIInterfaceOrientationPortraitUpsideDown UIInterfaceOrientationLandscapeLeft UIInterfaceOrientationLandscapeRight";
				INFOPLIST_KEY_UISupportedInterfaceOrientations_iPhone = "UIInterfaceOrientationPortrait UIInterfaceOrientationLandscapeLeft UIInterfaceOrientationLandscapeRight";
				LD_RUNPATH_SEARCH_PATHS = (
					"$(inherited)",
					"@executable_path/Frameworks",
				);
				MARKETING_VERSION = 1.0;
				PRODUCT_BUNDLE_IDENTIFIER = "ia-projectHL3.wordleGame";
				PRODUCT_NAME = "$(TARGET_NAME)";
				SWIFT_EMIT_LOC_STRINGS = YES;
				SWIFT_VERSION = 5.0;
				TARGETED_DEVICE_FAMILY = "1,2";
			};
			name = Debug;
		};
		EB3E92BE2DEE1EB400FAB4F0 /* Release */ = {
			isa = XCBuildConfiguration;
			buildSettings = {
				ASSETCATALOG_COMPILER_APPICON_NAME = AppIcon;
				ASSETCATALOG_COMPILER_GLOBAL_ACCENT_COLOR_NAME = AccentColor;
				CODE_SIGN_STYLE = Automatic;
				CURRENT_PROJECT_VERSION = 1;
				DEVELOPMENT_TEAM = 86B6Y8XB9P;
				ENABLE_PREVIEWS = YES;
				GENERATE_INFOPLIST_FILE = YES;
				INFOPLIST_KEY_UIApplicationSceneManifest_Generation = YES;
				INFOPLIST_KEY_UIApplicationSupportsIndirectInputEvents = YES;
				INFOPLIST_KEY_UILaunchScreen_Generation = YES;
				INFOPLIST_KEY_UISupportedInterfaceOrientations_iPad = "UIInterfaceOrientationPortrait UIInterfaceOrientationPortraitUpsideDown UIInterfaceOrientationLandscapeLeft UIInterfaceOrientationLandscapeRight";
				INFOPLIST_KEY_UISupportedInterfaceOrientations_iPhone = "UIInterfaceOrientationPortrait UIInterfaceOrientationLandscapeLeft UIInterfaceOrientationLandscapeRight";
				LD_RUNPATH_SEARCH_PATHS = (
					"$(inherited)",
					"@executable_path/Frameworks",
				);
				MARKETING_VERSION = 1.0;
				PRODUCT_BUNDLE_IDENTIFIER = "ia-projectHL3.wordleGame";
				PRODUCT_NAME = "$(TARGET_NAME)";
				SWIFT_EMIT_LOC_STRINGS = YES;
				SWIFT_VERSION = 5.0;
				TARGETED_DEVICE_FAMILY = "1,2";
			};
			name = Release;
		};
		EB3E92C02DEE1EB400FAB4F0 /* Debug */ = {
			isa = XCBuildConfiguration;
			buildSettings = {
				BUNDLE_LOADER = "$(TEST_HOST)";
				CODE_SIGN_STYLE = Automatic;
				CURRENT_PROJECT_VERSION = 1;
				DEVELOPMENT_TEAM = 86B6Y8XB9P;
				GENERATE_INFOPLIST_FILE = YES;
				IPHONEOS_DEPLOYMENT_TARGET = 18.5;
				MARKETING_VERSION = 1.0;
				PRODUCT_BUNDLE_IDENTIFIER = "ia-projectHL3.wordleGameTests";
				PRODUCT_NAME = "$(TARGET_NAME)";
				SWIFT_EMIT_LOC_STRINGS = NO;
				SWIFT_VERSION = 5.0;
				TARGETED_DEVICE_FAMILY = "1,2";
				TEST_HOST = "$(BUILT_PRODUCTS_DIR)/wordleGame.app/$(BUNDLE_EXECUTABLE_FOLDER_PATH)/wordleGame";
			};
			name = Debug;
		};
		EB3E92C12DEE1EB400FAB4F0 /* Release */ = {
			isa = XCBuildConfiguration;
			buildSettings = {
				BUNDLE_LOADER = "$(TEST_HOST)";
				CODE_SIGN_STYLE = Automatic;
				CURRENT_PROJECT_VERSION = 1;
				DEVELOPMENT_TEAM = 86B6Y8XB9P;
				GENERATE_INFOPLIST_FILE = YES;
				IPHONEOS_DEPLOYMENT_TARGET = 18.5;
				MARKETING_VERSION = 1.0;
				PRODUCT_BUNDLE_IDENTIFIER = "ia-projectHL3.wordleGameTests";
				PRODUCT_NAME = "$(TARGET_NAME)";
				SWIFT_EMIT_LOC_STRINGS = NO;
				SWIFT_VERSION = 5.0;
				TARGETED_DEVICE_FAMILY = "1,2";
				TEST_HOST = "$(BUILT_PRODUCTS_DIR)/wordleGame.app/$(BUNDLE_EXECUTABLE_FOLDER_PATH)/wordleGame";
			};
			name = Release;
		};
		EB3E92C32DEE1EB400FAB4F0 /* Debug */ = {
			isa = XCBuildConfiguration;
			buildSettings = {
				CODE_SIGN_STYLE = Automatic;
				CURRENT_PROJECT_VERSION = 1;
				DEVELOPMENT_TEAM = 86B6Y8XB9P;
				GENERATE_INFOPLIST_FILE = YES;
				MARKETING_VERSION = 1.0;
				PRODUCT_BUNDLE_IDENTIFIER = "ia-projectHL3.wordleGameUITests";
				PRODUCT_NAME = "$(TARGET_NAME)";
				SWIFT_EMIT_LOC_STRINGS = NO;
				SWIFT_VERSION = 5.0;
				TARGETED_DEVICE_FAMILY = "1,2";
				TEST_TARGET_NAME = wordleGame;
			};
			name = Debug;
		};
		EB3E92C42DEE1EB400FAB4F0 /* Release */ = {
			isa = XCBuildConfiguration;
			buildSettings = {
				CODE_SIGN_STYLE = Automatic;
				CURRENT_PROJECT_VERSION = 1;
				DEVELOPMENT_TEAM = 86B6Y8XB9P;
				GENERATE_INFOPLIST_FILE = YES;
				MARKETING_VERSION = 1.0;
				PRODUCT_BUNDLE_IDENTIFIER = "ia-projectHL3.wordleGameUITests";
				PRODUCT_NAME = "$(TARGET_NAME)";
				SWIFT_EMIT_LOC_STRINGS = NO;
				SWIFT_VERSION = 5.0;
				TARGETED_DEVICE_FAMILY = "1,2";
				TEST_TARGET_NAME = wordleGame;
			};
			name = Release;
		};
/* End XCBuildConfiguration section */

/* Begin XCConfigurationList section */
		EB3E92962DEE1EB200FAB4F0 /* Build configuration list for PBXProject "wordleGame" */ = {
			isa = XCConfigurationList;
			buildConfigurations = (
				EB3E92BA2DEE1EB400FAB4F0 /* Debug */,
				EB3E92BB2DEE1EB400FAB4F0 /* Release */,
			);
			defaultConfigurationIsVisible = 0;
			defaultConfigurationName = Release;
		};
		EB3E92BC2DEE1EB400FAB4F0 /* Build configuration list for PBXNativeTarget "wordleGame" */ = {
			isa = XCConfigurationList;
			buildConfigurations = (
				EB3E92BD2DEE1EB400FAB4F0 /* Debug */,
				EB3E92BE2DEE1EB400FAB4F0 /* Release */,
			);
			defaultConfigurationIsVisible = 0;
			defaultConfigurationName = Release;
		};
		EB3E92BF2DEE1EB400FAB4F0 /* Build configuration list for PBXNativeTarget "wordleGameTests" */ = {
			isa = XCConfigurationList;
			buildConfigurations = (
				EB3E92C02DEE1EB400FAB4F0 /* Debug */,
				EB3E92C12DEE1EB400FAB4F0 /* Release */,
			);
			defaultConfigurationIsVisible = 0;
			defaultConfigurationName = Release;
		};
		EB3E92C22DEE1EB400FAB4F0 /* Build configuration list for PBXNativeTarget "wordleGameUITests" */ = {
			isa = XCConfigurationList;
			buildConfigurations = (
				EB3E92C32DEE1EB400FAB4F0 /* Debug */,
				EB3E92C42DEE1EB400FAB4F0 /* Release */,
			);
			defaultConfigurationIsVisible = 0;
			defaultConfigurationName = Release;
		};
/* End XCConfigurationList section */
	};
	rootObject = EB3E92932DEE1EB200FAB4F0 /* Project object */;
}
